// !$*UTF8*$!
{
	archiveVersion = 1;
	classes = {
	};
	objectVersion = 46;
	objects = {

/* Begin PBXBuildFile section */
		CC0B58B5185FCF8C00D5C185 /* Main.storyboard in Resources */ = {isa = PBXBuildFile; fileRef = CC0B58B4185FCF8C00D5C185 /* Main.storyboard */; };
		CC0B59051862876E00D5C185 /* DetailViewController.m in Sources */ = {isa = PBXBuildFile; fileRef = CC0B59041862876E00D5C185 /* DetailViewController.m */; };
		CC0B59081862885100D5C185 /* GistInfomation.m in Sources */ = {isa = PBXBuildFile; fileRef = CC0B59071862885100D5C185 /* GistInfomation.m */; };
		CC0B590B18628AFF00D5C185 /* Gist.m in Sources */ = {isa = PBXBuildFile; fileRef = CC0B590A18628AFF00D5C185 /* Gist.m */; };
		CCF2B04F185FAE03005C583E /* Foundation.framework in Frameworks */ = {isa = PBXBuildFile; fileRef = CCF2B04E185FAE03005C583E /* Foundation.framework */; };
		CCF2B051185FAE03005C583E /* CoreGraphics.framework in Frameworks */ = {isa = PBXBuildFile; fileRef = CCF2B050185FAE03005C583E /* CoreGraphics.framework */; };
		CCF2B053185FAE03005C583E /* UIKit.framework in Frameworks */ = {isa = PBXBuildFile; fileRef = CCF2B052185FAE03005C583E /* UIKit.framework */; };
		CCF2B059185FAE03005C583E /* InfoPlist.strings in Resources */ = {isa = PBXBuildFile; fileRef = CCF2B057185FAE03005C583E /* InfoPlist.strings */; };
		CCF2B05B185FAE03005C583E /* main.m in Sources */ = {isa = PBXBuildFile; fileRef = CCF2B05A185FAE03005C583E /* main.m */; };
		CCF2B05F185FAE03005C583E /* AppDelegate.m in Sources */ = {isa = PBXBuildFile; fileRef = CCF2B05E185FAE03005C583E /* AppDelegate.m */; };
		CCF2B065185FAE03005C583E /* ViewController.m in Sources */ = {isa = PBXBuildFile; fileRef = CCF2B064185FAE03005C583E /* ViewController.m */; };
		CCF2B067185FAE03005C583E /* Images.xcassets in Resources */ = {isa = PBXBuildFile; fileRef = CCF2B066185FAE03005C583E /* Images.xcassets */; };
		CCF2B06E185FAE03005C583E /* XCTest.framework in Frameworks */ = {isa = PBXBuildFile; fileRef = CCF2B06D185FAE03005C583E /* XCTest.framework */; };
		CCF2B06F185FAE03005C583E /* Foundation.framework in Frameworks */ = {isa = PBXBuildFile; fileRef = CCF2B04E185FAE03005C583E /* Foundation.framework */; };
		CCF2B070185FAE03005C583E /* UIKit.framework in Frameworks */ = {isa = PBXBuildFile; fileRef = CCF2B052185FAE03005C583E /* UIKit.framework */; };
		CCF2B078185FAE03005C583E /* InfoPlist.strings in Resources */ = {isa = PBXBuildFile; fileRef = CCF2B076185FAE03005C583E /* InfoPlist.strings */; };
		CCF2B07A185FAE03005C583E /* GistInfoTests.m in Sources */ = {isa = PBXBuildFile; fileRef = CCF2B079185FAE03005C583E /* GistInfoTests.m */; };
/* End PBXBuildFile section */

/* Begin PBXContainerItemProxy section */
		CCF2B071185FAE03005C583E /* PBXContainerItemProxy */ = {
			isa = PBXContainerItemProxy;
			containerPortal = CCF2B043185FAE03005C583E /* Project object */;
			proxyType = 1;
			remoteGlobalIDString = CCF2B04A185FAE03005C583E;
			remoteInfo = GistInfo;
		};
/* End PBXContainerItemProxy section */

/* Begin PBXFileReference section */
		CC0B58B4185FCF8C00D5C185 /* Main.storyboard */ = {isa = PBXFileReference; fileEncoding = 4; lastKnownFileType = file.storyboard; name = Main.storyboard; path = ../../../.Trash/Main.storyboard; sourceTree = "<group>"; };
		CC0B59031862876E00D5C185 /* DetailViewController.h */ = {isa = PBXFileReference; fileEncoding = 4; lastKnownFileType = sourcecode.c.h; path = DetailViewController.h; sourceTree = "<group>"; };
		CC0B59041862876E00D5C185 /* DetailViewController.m */ = {isa = PBXFileReference; fileEncoding = 4; lastKnownFileType = sourcecode.c.objc; path = DetailViewController.m; sourceTree = "<group>"; };
		CC0B59061862885100D5C185 /* GistInfomation.h */ = {isa = PBXFileReference; fileEncoding = 4; lastKnownFileType = sourcecode.c.h; path = GistInfomation.h; sourceTree = "<group>"; };
		CC0B59071862885100D5C185 /* GistInfomation.m */ = {isa = PBXFileReference; fileEncoding = 4; lastKnownFileType = sourcecode.c.objc; path = GistInfomation.m; sourceTree = "<group>"; };
		CC0B590918628AFF00D5C185 /* Gist.h */ = {isa = PBXFileReference; fileEncoding = 4; lastKnownFileType = sourcecode.c.h; path = Gist.h; sourceTree = "<group>"; };
		CC0B590A18628AFF00D5C185 /* Gist.m */ = {isa = PBXFileReference; fileEncoding = 4; lastKnownFileType = sourcecode.c.objc; path = Gist.m; sourceTree = "<group>"; };
		CCF2B04B185FAE03005C583E /* GistInfo.app */ = {isa = PBXFileReference; explicitFileType = wrapper.application; includeInIndex = 0; path = GistInfo.app; sourceTree = BUILT_PRODUCTS_DIR; };
		CCF2B04E185FAE03005C583E /* Foundation.framework */ = {isa = PBXFileReference; lastKnownFileType = wrapper.framework; name = Foundation.framework; path = System/Library/Frameworks/Foundation.framework; sourceTree = SDKROOT; };
		CCF2B050185FAE03005C583E /* CoreGraphics.framework */ = {isa = PBXFileReference; lastKnownFileType = wrapper.framework; name = CoreGraphics.framework; path = System/Library/Frameworks/CoreGraphics.framework; sourceTree = SDKROOT; };
		CCF2B052185FAE03005C583E /* UIKit.framework */ = {isa = PBXFileReference; lastKnownFileType = wrapper.framework; name = UIKit.framework; path = System/Library/Frameworks/UIKit.framework; sourceTree = SDKROOT; };
		CCF2B056185FAE03005C583E /* GistInfo-Info.plist */ = {isa = PBXFileReference; lastKnownFileType = text.plist.xml; path = "GistInfo-Info.plist"; sourceTree = "<group>"; };
		CCF2B058185FAE03005C583E /* en */ = {isa = PBXFileReference; lastKnownFileType = text.plist.strings; name = en; path = en.lproj/InfoPlist.strings; sourceTree = "<group>"; };
		CCF2B05A185FAE03005C583E /* main.m */ = {isa = PBXFileReference; lastKnownFileType = sourcecode.c.objc; path = main.m; sourceTree = "<group>"; };
		CCF2B05C185FAE03005C583E /* GistInfo-Prefix.pch */ = {isa = PBXFileReference; lastKnownFileType = sourcecode.c.h; path = "GistInfo-Prefix.pch"; sourceTree = "<group>"; };
		CCF2B05D185FAE03005C583E /* AppDelegate.h */ = {isa = PBXFileReference; lastKnownFileType = sourcecode.c.h; path = AppDelegate.h; sourceTree = "<group>"; };
		CCF2B05E185FAE03005C583E /* AppDelegate.m */ = {isa = PBXFileReference; lastKnownFileType = sourcecode.c.objc; path = AppDelegate.m; sourceTree = "<group>"; };
		CCF2B063185FAE03005C583E /* ViewController.h */ = {isa = PBXFileReference; lastKnownFileType = sourcecode.c.h; path = ViewController.h; sourceTree = "<group>"; };
		CCF2B064185FAE03005C583E /* ViewController.m */ = {isa = PBXFileReference; lastKnownFileType = sourcecode.c.objc; path = ViewController.m; sourceTree = "<group>"; };
		CCF2B066185FAE03005C583E /* Images.xcassets */ = {isa = PBXFileReference; lastKnownFileType = folder.assetcatalog; path = Images.xcassets; sourceTree = "<group>"; };
		CCF2B06C185FAE03005C583E /* GistInfoTests.xctest */ = {isa = PBXFileReference; explicitFileType = wrapper.cfbundle; includeInIndex = 0; path = GistInfoTests.xctest; sourceTree = BUILT_PRODUCTS_DIR; };
		CCF2B06D185FAE03005C583E /* XCTest.framework */ = {isa = PBXFileReference; lastKnownFileType = wrapper.framework; name = XCTest.framework; path = Library/Frameworks/XCTest.framework; sourceTree = DEVELOPER_DIR; };
		CCF2B075185FAE03005C583E /* GistInfoTests-Info.plist */ = {isa = PBXFileReference; lastKnownFileType = text.plist.xml; path = "GistInfoTests-Info.plist"; sourceTree = "<group>"; };
		CCF2B077185FAE03005C583E /* en */ = {isa = PBXFileReference; lastKnownFileType = text.plist.strings; name = en; path = en.lproj/InfoPlist.strings; sourceTree = "<group>"; };
		CCF2B079185FAE03005C583E /* GistInfoTests.m */ = {isa = PBXFileReference; lastKnownFileType = sourcecode.c.objc; path = GistInfoTests.m; sourceTree = "<group>"; };
/* End PBXFileReference section */

/* Begin PBXFrameworksBuildPhase section */
		CCF2B048185FAE03005C583E /* Frameworks */ = {
			isa = PBXFrameworksBuildPhase;
			buildActionMask = 2147483647;
			files = (
				CCF2B051185FAE03005C583E /* CoreGraphics.framework in Frameworks */,
				CCF2B053185FAE03005C583E /* UIKit.framework in Frameworks */,
				CCF2B04F185FAE03005C583E /* Foundation.framework in Frameworks */,
			);
			runOnlyForDeploymentPostprocessing = 0;
		};
		CCF2B069185FAE03005C583E /* Frameworks */ = {
			isa = PBXFrameworksBuildPhase;
			buildActionMask = 2147483647;
			files = (
				CCF2B06E185FAE03005C583E /* XCTest.framework in Frameworks */,
				CCF2B070185FAE03005C583E /* UIKit.framework in Frameworks */,
				CCF2B06F185FAE03005C583E /* Foundation.framework in Frameworks */,
			);
			runOnlyForDeploymentPostprocessing = 0;
		};
/* End PBXFrameworksBuildPhase section */

/* Begin PBXGroup section */
		CCF2B042185FAE03005C583E = {
			isa = PBXGroup;
			children = (
				CCF2B054185FAE03005C583E /* GistInfo */,
				CCF2B073185FAE03005C583E /* GistInfoTests */,
				CCF2B04D185FAE03005C583E /* Frameworks */,
				CCF2B04C185FAE03005C583E /* Products */,
			);
			sourceTree = "<group>";
		};
		CCF2B04C185FAE03005C583E /* Products */ = {
			isa = PBXGroup;
			children = (
				CCF2B04B185FAE03005C583E /* GistInfo.app */,
				CCF2B06C185FAE03005C583E /* GistInfoTests.xctest */,
			);
			name = Products;
			sourceTree = "<group>";
		};
		CCF2B04D185FAE03005C583E /* Frameworks */ = {
			isa = PBXGroup;
			children = (
				CCF2B04E185FAE03005C583E /* Foundation.framework */,
				CCF2B050185FAE03005C583E /* CoreGraphics.framework */,
				CCF2B052185FAE03005C583E /* UIKit.framework */,
				CCF2B06D185FAE03005C583E /* XCTest.framework */,
			);
			name = Frameworks;
			sourceTree = "<group>";
		};
		CCF2B054185FAE03005C583E /* GistInfo */ = {
			isa = PBXGroup;
			children = (
				CC0B59061862885100D5C185 /* GistInfomation.h */,
				CC0B59071862885100D5C185 /* GistInfomation.m */,
				CCF2B05D185FAE03005C583E /* AppDelegate.h */,
				CCF2B05E185FAE03005C583E /* AppDelegate.m */,
				CC0B58B4185FCF8C00D5C185 /* Main.storyboard */,
				CC0B59031862876E00D5C185 /* DetailViewController.h */,
				CC0B59041862876E00D5C185 /* DetailViewController.m */,
				CCF2B063185FAE03005C583E /* ViewController.h */,
				CCF2B064185FAE03005C583E /* ViewController.m */,
				CCF2B066185FAE03005C583E /* Images.xcassets */,
				CCF2B055185FAE03005C583E /* Supporting Files */,
				CC0B590918628AFF00D5C185 /* Gist.h */,
				CC0B590A18628AFF00D5C185 /* Gist.m */,
			);
			path = GistInfo;
			sourceTree = "<group>";
		};
		CCF2B055185FAE03005C583E /* Supporting Files */ = {
			isa = PBXGroup;
			children = (
				CCF2B056185FAE03005C583E /* GistInfo-Info.plist */,
				CCF2B057185FAE03005C583E /* InfoPlist.strings */,
				CCF2B05A185FAE03005C583E /* main.m */,
				CCF2B05C185FAE03005C583E /* GistInfo-Prefix.pch */,
			);
			name = "Supporting Files";
			sourceTree = "<group>";
		};
		CCF2B073185FAE03005C583E /* GistInfoTests */ = {
			isa = PBXGroup;
			children = (
				CCF2B079185FAE03005C583E /* GistInfoTests.m */,
				CCF2B074185FAE03005C583E /* Supporting Files */,
			);
			path = GistInfoTests;
			sourceTree = "<group>";
		};
		CCF2B074185FAE03005C583E /* Supporting Files */ = {
			isa = PBXGroup;
			children = (
				CCF2B075185FAE03005C583E /* GistInfoTests-Info.plist */,
				CCF2B076185FAE03005C583E /* InfoPlist.strings */,
			);
			name = "Supporting Files";
			sourceTree = "<group>";
		};
/* End PBXGroup section */

/* Begin PBXNativeTarget section */
		CCF2B04A185FAE03005C583E /* GistInfo */ = {
			isa = PBXNativeTarget;
			buildConfigurationList = CCF2B07D185FAE03005C583E /* Build configuration list for PBXNativeTarget "GistInfo" */;
			buildPhases = (
				CCF2B047185FAE03005C583E /* Sources */,
				CCF2B048185FAE03005C583E /* Frameworks */,
				CCF2B049185FAE03005C583E /* Resources */,
			);
			buildRules = (
			);
			dependencies = (
			);
			name = GistInfo;
			productName = GistInfo;
			productReference = CCF2B04B185FAE03005C583E /* GistInfo.app */;
			productType = "com.apple.product-type.application";
		};
		CCF2B06B185FAE03005C583E /* GistInfoTests */ = {
			isa = PBXNativeTarget;
			buildConfigurationList = CCF2B080185FAE03005C583E /* Build configuration list for PBXNativeTarget "GistInfoTests" */;
			buildPhases = (
				CCF2B068185FAE03005C583E /* Sources */,
				CCF2B069185FAE03005C583E /* Frameworks */,
				CCF2B06A185FAE03005C583E /* Resources */,
			);
			buildRules = (
			);
			dependencies = (
				CCF2B072185FAE03005C583E /* PBXTargetDependency */,
			);
			name = GistInfoTests;
			productName = GistInfoTests;
			productReference = CCF2B06C185FAE03005C583E /* GistInfoTests.xctest */;
			productType = "com.apple.product-type.bundle.unit-test";
		};
/* End PBXNativeTarget section */

/* Begin PBXProject section */
		CCF2B043185FAE03005C583E /* Project object */ = {
			isa = PBXProject;
			attributes = {
				LastUpgradeCheck = 0500;
				ORGANIZATIONNAME = "John Pham";
				TargetAttributes = {
					CCF2B06B185FAE03005C583E = {
						TestTargetID = CCF2B04A185FAE03005C583E;
					};
				};
			};
			buildConfigurationList = CCF2B046185FAE03005C583E /* Build configuration list for PBXProject "GistInfo" */;
			compatibilityVersion = "Xcode 3.2";
			developmentRegion = English;
			hasScannedForEncodings = 0;
			knownRegions = (
				en,
				Base,
			);
			mainGroup = CCF2B042185FAE03005C583E;
			productRefGroup = CCF2B04C185FAE03005C583E /* Products */;
			projectDirPath = "";
			projectRoot = "";
			targets = (
				CCF2B04A185FAE03005C583E /* GistInfo */,
				CCF2B06B185FAE03005C583E /* GistInfoTests */,
			);
		};
/* End PBXProject section */

/* Begin PBXResourcesBuildPhase section */
		CCF2B049185FAE03005C583E /* Resources */ = {
			isa = PBXResourcesBuildPhase;
			buildActionMask = 2147483647;
			files = (
				CC0B58B5185FCF8C00D5C185 /* Main.storyboard in Resources */,
				CCF2B067185FAE03005C583E /* Images.xcassets in Resources */,
				CCF2B059185FAE03005C583E /* InfoPlist.strings in Resources */,
			);
			runOnlyForDeploymentPostprocessing = 0;
		};
		CCF2B06A185FAE03005C583E /* Resources */ = {
			isa = PBXResourcesBuildPhase;
			buildActionMask = 2147483647;
			files = (
				CCF2B078185FAE03005C583E /* InfoPlist.strings in Resources */,
			);
			runOnlyForDeploymentPostprocessing = 0;
		};
/* End PBXResourcesBuildPhase section */

/* Begin PBXSourcesBuildPhase section */
		CCF2B047185FAE03005C583E /* Sources */ = {
			isa = PBXSourcesBuildPhase;
			buildActionMask = 2147483647;
			files = (
				CC0B59051862876E00D5C185 /* DetailViewController.m in Sources */,
				CCF2B065185FAE03005C583E /* ViewController.m in Sources */,
				CC0B59081862885100D5C185 /* GistInfomation.m in Sources */,
				CCF2B05F185FAE03005C583E /* AppDelegate.m in Sources */,
				CC0B590B18628AFF00D5C185 /* Gist.m in Sources */,
				CCF2B05B185FAE03005C583E /* main.m in Sources */,
			);
			runOnlyForDeploymentPostprocessing = 0;
		};
		CCF2B068185FAE03005C583E /* Sources */ = {
			isa = PBXSourcesBuildPhase;
			buildActionMask = 2147483647;
			files = (
				CCF2B07A185FAE03005C583E /* GistInfoTests.m in Sources */,
			);
			runOnlyForDeploymentPostprocessing = 0;
		};
/* End PBXSourcesBuildPhase section */

/* Begin PBXTargetDependency section */
		CCF2B072185FAE03005C583E /* PBXTargetDependency */ = {
			isa = PBXTargetDependency;
			target = CCF2B04A185FAE03005C583E /* GistInfo */;
			targetProxy = CCF2B071185FAE03005C583E /* PBXContainerItemProxy */;
		};
/* End PBXTargetDependency section */

/* Begin PBXVariantGroup section */
		CCF2B057185FAE03005C583E /* InfoPlist.strings */ = {
			isa = PBXVariantGroup;
			children = (
				CCF2B058185FAE03005C583E /* en */,
			);
			name = InfoPlist.strings;
			sourceTree = "<group>";
		};
		CCF2B076185FAE03005C583E /* InfoPlist.strings */ = {
			isa = PBXVariantGroup;
			children = (
				CCF2B077185FAE03005C583E /* en */,
			);
			name = InfoPlist.strings;
			sourceTree = "<group>";
		};
/* End PBXVariantGroup section */

/* Begin XCBuildConfiguration section */
		CCF2B07B185FAE03005C583E /* Debug */ = {
			isa = XCBuildConfiguration;
			buildSettings = {
				ALWAYS_SEARCH_USER_PATHS = NO;
				ARCHS = "$(ARCHS_STANDARD_INCLUDING_64_BIT)";
				CLANG_CXX_LANGUAGE_STANDARD = "gnu++0x";
				CLANG_CXX_LIBRARY = "libc++";
				CLANG_ENABLE_MODULES = YES;
				CLANG_ENABLE_OBJC_ARC = YES;
				CLANG_WARN_BOOL_CONVERSION = YES;
				CLANG_WARN_CONSTANT_CONVERSION = YES;
				CLANG_WARN_DIRECT_OBJC_ISA_USAGE = YES_ERROR;
				CLANG_WARN_EMPTY_BODY = YES;
				CLANG_WARN_ENUM_CONVERSION = YES;
				CLANG_WARN_INT_CONVERSION = YES;
				CLANG_WARN_OBJC_ROOT_CLASS = YES_ERROR;
				CLANG_WARN__DUPLICATE_METHOD_MATCH = YES;
				"CODE_SIGN_IDENTITY[sdk=iphoneos*]" = "iPhone Developer";
				COPY_PHASE_STRIP = NO;
				GCC_C_LANGUAGE_STANDARD = gnu99;
				GCC_DYNAMIC_NO_PIC = NO;
				GCC_OPTIMIZATION_LEVEL = 0;
				GCC_PREPROCESSOR_DEFINITIONS = (
					"DEBUG=1",
					"$(inherited)",
				);
				GCC_SYMBOLS_PRIVATE_EXTERN = NO;
				GCC_WARN_64_TO_32_BIT_CONVERSION = YES;
				GCC_WARN_ABOUT_RETURN_TYPE = YES_ERROR;
				GCC_WARN_UNDECLARED_SELECTOR = YES;
				GCC_WARN_UNINITIALIZED_AUTOS = YES;
				GCC_WARN_UNUSED_FUNCTION = YES;
				GCC_WARN_UNUSED_VARIABLE = YES;
				IPHONEOS_DEPLOYMENT_TARGET = 7.0;
				ONLY_ACTIVE_ARCH = YES;
				SDKROOT = iphoneos;
			};
			name = Debug;
		};
		CCF2B07C185FAE03005C583E /* Release */ = {
			isa = XCBuildConfiguration;
			buildSettings = {
				ALWAYS_SEARCH_USER_PATHS = NO;
				ARCHS = "$(ARCHS_STANDARD_INCLUDING_64_BIT)";
				CLANG_CXX_LANGUAGE_STANDARD = "gnu++0x";
				CLANG_CXX_LIBRARY = "libc++";
				CLANG_ENABLE_MODULES = YES;
				CLANG_ENABLE_OBJC_ARC = YES;
				CLANG_WARN_BOOL_CONVERSION = YES;
				CLANG_WARN_CONSTANT_CONVERSION = YES;
				CLANG_WARN_DIRECT_OBJC_ISA_USAGE = YES_ERROR;
				CLANG_WARN_EMPTY_BODY = YES;
				CLANG_WARN_ENUM_CONVERSION = YES;
				CLANG_WARN_INT_CONVERSION = YES;
				CLANG_WARN_OBJC_ROOT_CLASS = YES_ERROR;
				CLANG_WARN__DUPLICATE_METHOD_MATCH = YES;
				"CODE_SIGN_IDENTITY[sdk=iphoneos*]" = "iPhone Developer";
				COPY_PHASE_STRIP = YES;
				ENABLE_NS_ASSERTIONS = NO;
				GCC_C_LANGUAGE_STANDARD = gnu99;
				GCC_WARN_64_TO_32_BIT_CONVERSION = YES;
				GCC_WARN_ABOUT_RETURN_TYPE = YES_ERROR;
				GCC_WARN_UNDECLARED_SELECTOR = YES;
				GCC_WARN_UNINITIALIZED_AUTOS = YES;
				GCC_WARN_UNUSED_FUNCTION = YES;
				GCC_WARN_UNUSED_VARIABLE = YES;
				IPHONEOS_DEPLOYMENT_TARGET = 7.0;
				SDKROOT = iphoneos;
				VALIDATE_PRODUCT = YES;
			};
			name = Release;
		};
		CCF2B07E185FAE03005C583E /* Debug */ = {
			isa = XCBuildConfiguration;
			buildSettings = {
				ASSETCATALOG_COMPILER_APPICON_NAME = AppIcon;
				ASSETCATALOG_COMPILER_LAUNCHIMAGE_NAME = LaunchImage;
				GCC_PRECOMPILE_PREFIX_HEADER = YES;
				GCC_PREFIX_HEADER = "GistInfo/GistInfo-Prefix.pch";
				INFOPLIST_FILE = "GistInfo/GistInfo-Info.plist";
				PRODUCT_NAME = "$(TARGET_NAME)";
				WRAPPER_EXTENSION = app;
			};
			name = Debug;
		};
		CCF2B07F185FAE03005C583E /* Release */ = {
			isa = XCBuildConfiguration;
			buildSettings = {
				ASSETCATALOG_COMPILER_APPICON_NAME = AppIcon;
				ASSETCATALOG_COMPILER_LAUNCHIMAGE_NAME = LaunchImage;
				GCC_PRECOMPILE_PREFIX_HEADER = YES;
				GCC_PREFIX_HEADER = "GistInfo/GistInfo-Prefix.pch";
				INFOPLIST_FILE = "GistInfo/GistInfo-Info.plist";
				PRODUCT_NAME = "$(TARGET_NAME)";
				WRAPPER_EXTENSION = app;
			};
			name = Release;
		};
		CCF2B081185FAE03005C583E /* Debug */ = {
			isa = XCBuildConfiguration;
			buildSettings = {
				ARCHS = "$(ARCHS_STANDARD_INCLUDING_64_BIT)";
				BUNDLE_LOADER = "$(BUILT_PRODUCTS_DIR)/GistInfo.app/GistInfo";
				FRAMEWORK_SEARCH_PATHS = (
					"$(SDKROOT)/Developer/Library/Frameworks",
					"$(inherited)",
					"$(DEVELOPER_FRAMEWORKS_DIR)",
				);
				GCC_PRECOMPILE_PREFIX_HEADER = YES;
				GCC_PREFIX_HEADER = "GistInfo/GistInfo-Prefix.pch";
				GCC_PREPROCESSOR_DEFINITIONS = (
					"DEBUG=1",
					"$(inherited)",
				);
				INFOPLIST_FILE = "GistInfoTests/GistInfoTests-Info.plist";
				PRODUCT_NAME = "$(TARGET_NAME)";
				TEST_HOST = "$(BUNDLE_LOADER)";
				WRAPPER_EXTENSION = xctest;
			};
			name = Debug;
		};
		CCF2B082185FAE03005C583E /* Release */ = {
			isa = XCBuildConfiguration;
			buildSettings = {
				ARCHS = "$(ARCHS_STANDARD_INCLUDING_64_BIT)";
				BUNDLE_LOADER = "$(BUILT_PRODUCTS_DIR)/GistInfo.app/GistInfo";
				FRAMEWORK_SEARCH_PATHS = (
					"$(SDKROOT)/Developer/Library/Frameworks",
					"$(inherited)",
					"$(DEVELOPER_FRAMEWORKS_DIR)",
				);
				GCC_PRECOMPILE_PREFIX_HEADER = YES;
				GCC_PREFIX_HEADER = "GistInfo/GistInfo-Prefix.pch";
				INFOPLIST_FILE = "GistInfoTests/GistInfoTests-Info.plist";
				PRODUCT_NAME = "$(TARGET_NAME)";
				TEST_HOST = "$(BUNDLE_LOADER)";
				WRAPPER_EXTENSION = xctest;
			};
			name = Release;
		};
/* End XCBuildConfiguration section */

/* Begin XCConfigurationList section */
		CCF2B046185FAE03005C583E /* Build configuration list for PBXProject "GistInfo" */ = {
			isa = XCConfigurationList;
			buildConfigurations = (
				CCF2B07B185FAE03005C583E /* Debug */,
				CCF2B07C185FAE03005C583E /* Release */,
			);
			defaultConfigurationIsVisible = 0;
			defaultConfigurationName = Release;
		};
		CCF2B07D185FAE03005C583E /* Build configuration list for PBXNativeTarget "GistInfo" */ = {
			isa = XCConfigurationList;
			buildConfigurations = (
				CCF2B07E185FAE03005C583E /* Debug */,
				CCF2B07F185FAE03005C583E /* Release */,
			);
			defaultConfigurationIsVisible = 0;
			defaultConfigurationName = Release;
		};
		CCF2B080185FAE03005C583E /* Build configuration list for PBXNativeTarget "GistInfoTests" */ = {
			isa = XCConfigurationList;
			buildConfigurations = (
				CCF2B081185FAE03005C583E /* Debug */,
				CCF2B082185FAE03005C583E /* Release */,
			);
			defaultConfigurationIsVisible = 0;
			defaultConfigurationName = Release;
		};
/* End XCConfigurationList section */
	};
	rootObject = CCF2B043185FAE03005C583E /* Project object */;
}
